// !$*UTF8*$!
{
	archiveVersion = 1;
	classes = {
	};
	objectVersion = 50;
	objects = {

/* Begin PBXBuildFile section */
		3175DEED24C0827F00BA371B /* AppDelegate.m in Sources */ = {isa = PBXBuildFile; fileRef = 3175DEEC24C0827F00BA371B /* AppDelegate.m */; };
		3175DEF024C0827F00BA371B /* SceneDelegate.m in Sources */ = {isa = PBXBuildFile; fileRef = 3175DEEF24C0827F00BA371B /* SceneDelegate.m */; };
		3175DEF324C0827F00BA371B /* ViewController.m in Sources */ = {isa = PBXBuildFile; fileRef = 3175DEF224C0827F00BA371B /* ViewController.m */; };
		3175DEF624C0827F00BA371B /* Main.storyboard in Resources */ = {isa = PBXBuildFile; fileRef = 3175DEF424C0827F00BA371B /* Main.storyboard */; };
		3175DEF824C0828400BA371B /* Assets.xcassets in Resources */ = {isa = PBXBuildFile; fileRef = 3175DEF724C0828400BA371B /* Assets.xcassets */; };
		3175DEFB24C0828400BA371B /* LaunchScreen.storyboard in Resources */ = {isa = PBXBuildFile; fileRef = 3175DEF924C0828400BA371B /* LaunchScreen.storyboard */; };
		3175DEFE24C0828400BA371B /* main.m in Sources */ = {isa = PBXBuildFile; fileRef = 3175DEFD24C0828400BA371B /* main.m */; };
/* End PBXBuildFile section */

/* Begin PBXFileReference section */
		3175DEE824C0827F00BA371B /* iOS_Tips_3.app */ = {isa = PBXFileReference; explicitFileType = wrapper.application; includeInIndex = 0; path = iOS_Tips_3.app; sourceTree = BUILT_PRODUCTS_DIR; };
		3175DEEB24C0827F00BA371B /* AppDelegate.h */ = {isa = PBXFileReference; lastKnownFileType = sourcecode.c.h; path = AppDelegate.h; sourceTree = "<group>"; };
		3175DEEC24C0827F00BA371B /* AppDelegate.m */ = {isa = PBXFileReference; lastKnownFileType = sourcecode.c.objc; path = AppDelegate.m; sourceTree = "<group>"; };
		3175DEEE24C0827F00BA371B /* SceneDelegate.h */ = {isa = PBXFileReference; lastKnownFileType = sourcecode.c.h; path = SceneDelegate.h; sourceTree = "<group>"; };
		3175DEEF24C0827F00BA371B /* SceneDelegate.m */ = {isa = PBXFileReference; lastKnownFileType = sourcecode.c.objc; path = SceneDelegate.m; sourceTree = "<group>"; };
		3175DEF124C0827F00BA371B /* ViewController.h */ = {isa = PBXFileReference; lastKnownFileType = sourcecode.c.h; path = ViewController.h; sourceTree = "<group>"; };
		3175DEF224C0827F00BA371B /* ViewController.m */ = {isa = PBXFileReference; lastKnownFileType = sourcecode.c.objc; path = ViewController.m; sourceTree = "<group>"; };
		3175DEF524C0827F00BA371B /* Base */ = {isa = PBXFileReference; lastKnownFileType = file.storyboard; name = Base; path = Base.lproj/Main.storyboard; sourceTree = "<group>"; };
		3175DEF724C0828400BA371B /* Assets.xcassets */ = {isa = PBXFileReference; lastKnownFileType = folder.assetcatalog; path = Assets.xcassets; sourceTree = "<group>"; };
		3175DEFA24C0828400BA371B /* Base */ = {isa = PBXFileReference; lastKnownFileType = file.storyboard; name = Base; path = Base.lproj/LaunchScreen.storyboard; sourceTree = "<group>"; };
		3175DEFC24C0828400BA371B /* Info.plist */ = {isa = PBXFileReference; lastKnownFileType = text.plist.xml; path = Info.plist; sourceTree = "<group>"; };
		3175DEFD24C0828400BA371B /* main.m */ = {isa = PBXFileReference; lastKnownFileType = sourcecode.c.objc; path = main.m; sourceTree = "<group>"; };
/* End PBXFileReference section */

/* Begin PBXFrameworksBuildPhase section */
		3175DEE524C0827F00BA371B /* Frameworks */ = {
			isa = PBXFrameworksBuildPhase;
			buildActionMask = 2147483647;
			files = (
			);
			runOnlyForDeploymentPostprocessing = 0;
		};
/* End PBXFrameworksBuildPhase section */

/* Begin PBXGroup section */
		3175DEDF24C0827F00BA371B = {
			isa = PBXGroup;
			children = (
				3175DEEA24C0827F00BA371B /* iOS_Tips_3 */,
				3175DEE924C0827F00BA371B /* Products */,
			);
			sourceTree = "<group>";
		};
		3175DEE924C0827F00BA371B /* Products */ = {
			isa = PBXGroup;
			children = (
				3175DEE824C0827F00BA371B /* iOS_Tips_3.app */,
			);
			name = Products;
			sourceTree = "<group>";
		};
		3175DEEA24C0827F00BA371B /* iOS_Tips_3 */ = {
			isa = PBXGroup;
			children = (
				3175DEEB24C0827F00BA371B /* AppDelegate.h */,
				3175DEEC24C0827F00BA371B /* AppDelegate.m */,
				3175DEEE24C0827F00BA371B /* SceneDelegate.h */,
				3175DEEF24C0827F00BA371B /* SceneDelegate.m */,
				3175DEF124C0827F00BA371B /* ViewController.h */,
				3175DEF224C0827F00BA371B /* ViewController.m */,
				3175DEF424C0827F00BA371B /* Main.storyboard */,
				3175DEF724C0828400BA371B /* Assets.xcassets */,
				3175DEF924C0828400BA371B /* LaunchScreen.storyboard */,
				3175DEFC24C0828400BA371B /* Info.plist */,
				3175DEFD24C0828400BA371B /* main.m */,
			);
			path = iOS_Tips_3;
			sourceTree = "<group>";
		};
/* End PBXGroup section */

/* Begin PBXNativeTarget section */
		3175DEE724C0827F00BA371B /* iOS_Tips_3 */ = {
			isa = PBXNativeTarget;
			buildConfigurationList = 3175DF0124C0828400BA371B /* Build configuration list for PBXNativeTarget "iOS_Tips_3" */;
			buildPhases = (
				3175DEE424C0827F00BA371B /* Sources */,
				3175DEE524C0827F00BA371B /* Frameworks */,
				3175DEE624C0827F00BA371B /* Resources */,
			);
			buildRules = (
			);
			dependencies = (
			);
			name = iOS_Tips_3;
			productName = iOS_Tips_3;
			productReference = 3175DEE824C0827F00BA371B /* iOS_Tips_3.app */;
			productType = "com.apple.product-type.application";
		};
/* End PBXNativeTarget section */

/* Begin PBXProject section */
		3175DEE024C0827F00BA371B /* Project object */ = {
			isa = PBXProject;
			attributes = {
				LastUpgradeCheck = 1150;
				ORGANIZATIONNAME = yuanshi;
				TargetAttributes = {
					3175DEE724C0827F00BA371B = {
						CreatedOnToolsVersion = 11.5;
					};
				};
			};
			buildConfigurationList = 3175DEE324C0827F00BA371B /* Build configuration list for PBXProject "iOS_Tips_3" */;
			compatibilityVersion = "Xcode 9.3";
			developmentRegion = en;
			hasScannedForEncodings = 0;
			knownRegions = (
				en,
				Base,
			);
			mainGroup = 3175DEDF24C0827F00BA371B;
			productRefGroup = 3175DEE924C0827F00BA371B /* Products */;
			projectDirPath = "";
			projectRoot = "";
			targets = (
				3175DEE724C0827F00BA371B /* iOS_Tips_3 */,
			);
		};
/* End PBXProject section */

/* Begin PBXResourcesBuildPhase section */
		3175DEE624C0827F00BA371B /* Resources */ = {
			isa = PBXResourcesBuildPhase;
			buildActionMask = 2147483647;
			files = (
				3175DEFB24C0828400BA371B /* LaunchScreen.storyboard in Resources */,
				3175DEF824C0828400BA371B /* Assets.xcassets in Resources */,
				3175DEF624C0827F00BA371B /* Main.storyboard in Resources */,
			);
			runOnlyForDeploymentPostprocessing = 0;
		};
/* End PBXResourcesBuildPhase section */

/* Begin PBXSourcesBuildPhase section */
		3175DEE424C0827F00BA371B /* Sources */ = {
			isa = PBXSourcesBuildPhase;
			buildActionMask = 2147483647;
			files = (
				3175DEF324C0827F00BA371B /* ViewController.m in Sources */,
				3175DEED24C0827F00BA371B /* AppDelegate.m in Sources */,
				3175DEFE24C0828400BA371B /* main.m in Sources */,
				3175DEF024C0827F00BA371B /* SceneDelegate.m in Sources */,
			);
			runOnlyForDeploymentPostprocessing = 0;
		};
/* End PBXSourcesBuildPhase section */

/* Begin PBXVariantGroup section */
		3175DEF424C0827F00BA371B /* Main.storyboard */ = {
			isa = PBXVariantGroup;
			children = (
				3175DEF524C0827F00BA371B /* Base */,
			);
			name = Main.storyboard;
			sourceTree = "<group>";
		};
		3175DEF924C0828400BA371B /* LaunchScreen.storyboard */ = {
			isa = PBXVariantGroup;
			children = (
				3175DEFA24C0828400BA371B /* Base */,
			);
			name = LaunchScreen.storyboard;
			sourceTree = "<group>";
		};
/* End PBXVariantGroup section */

/* Begin XCBuildConfiguration section */
		3175DEFF24C0828400BA371B /* Debug */ = {
			isa = XCBuildConfiguration;
			buildSettings = {
				ALWAYS_SEARCH_USER_PATHS = NO;
				CLANG_ANALYZER_NONNULL = YES;
				CLANG_ANALYZER_NUMBER_OBJECT_CONVERSION = YES_AGGRESSIVE;
				CLANG_CXX_LANGUAGE_STANDARD = "gnu++14";
				CLANG_CXX_LIBRARY = "libc++";
				CLANG_ENABLE_MODULES = YES;
				CLANG_ENABLE_OBJC_ARC = YES;
				CLANG_ENABLE_OBJC_WEAK = YES;
				CLANG_WARN_BLOCK_CAPTURE_AUTORELEASING = YES;
				CLANG_WARN_BOOL_CONVERSION = YES;
				CLANG_WARN_COMMA = YES;
				CLANG_WARN_CONSTANT_CONVERSION = YES;
				CLANG_WARN_DEPRECATED_OBJC_IMPLEMENTATIONS = YES;
				CLANG_WARN_DIRECT_OBJC_ISA_USAGE = YES_ERROR;
				CLANG_WARN_DOCUMENTATION_COMMENTS = YES;
				CLANG_WARN_EMPTY_BODY = YES;
				CLANG_WARN_ENUM_CONVERSION = YES;
				CLANG_WARN_INFINITE_RECURSION = YES;
				CLANG_WARN_INT_CONVERSION = YES;
				CLANG_WARN_NON_LITERAL_NULL_CONVERSION = YES;
				CLANG_WARN_OBJC_IMPLICIT_RETAIN_SELF = YES;
				CLANG_WARN_OBJC_LITERAL_CONVERSION = YES;
				CLANG_WARN_OBJC_ROOT_CLASS = YES_ERROR;
				CLANG_WARN_RANGE_LOOP_ANALYSIS = YES;
				CLANG_WARN_STRICT_PROTOTYPES = YES;
				CLANG_WARN_SUSPICIOUS_MOVE = YES;
				CLANG_WARN_UNGUARDED_AVAILABILITY = YES_AGGRESSIVE;
				CLANG_WARN_UNREACHABLE_CODE = YES;
				CLANG_WARN__DUPLICATE_METHOD_MATCH = YES;
				COPY_PHASE_STRIP = NO;
				DEBUG_INFORMATION_FORMAT = dwarf;
				ENABLE_STRICT_OBJC_MSGSEND = YES;
				ENABLE_TESTABILITY = YES;
				GCC_C_LANGUAGE_STANDARD = gnu11;
				GCC_DYNAMIC_NO_PIC = NO;
				GCC_NO_COMMON_BLOCKS = YES;
				GCC_OPTIMIZATION_LEVEL = 0;
				GCC_PREPROCESSOR_DEFINITIONS = (
					"DEBUG=1",
					"$(inherited)",
				);
				GCC_WARN_64_TO_32_BIT_CONVERSION = YES;
				GCC_WARN_ABOUT_RETURN_TYPE = YES_ERROR;
				GCC_WARN_UNDECLARED_SELECTOR = YES;
				GCC_WARN_UNINITIALIZED_AUTOS = YES_AGGRESSIVE;
				GCC_WARN_UNUSED_FUNCTION = YES;
				GCC_WARN_UNUSED_VARIABLE = YES;
				IPHONEOS_DEPLOYMENT_TARGET = 13.5;
				MTL_ENABLE_DEBUG_INFO = INCLUDE_SOURCE;
				MTL_FAST_MATH = YES;
				ONLY_ACTIVE_ARCH = YES;
				SDKROOT = iphoneos;
			};
			name = Debug;
		};
		3175DF0024C0828400BA371B /* Release */ = {
			isa = XCBuildConfiguration;
			buildSettings = {
				ALWAYS_SEARCH_USER_PATHS = NO;
				CLANG_ANALYZER_NONNULL = YES;
				CLANG_ANALYZER_NUMBER_OBJECT_CONVERSION = YES_AGGRESSIVE;
				CLANG_CXX_LANGUAGE_STANDARD = "gnu++14";
				CLANG_CXX_LIBRARY = "libc++";
				CLANG_ENABLE_MODULES = YES;
				CLANG_ENABLE_OBJC_ARC = YES;
				CLANG_ENABLE_OBJC_WEAK = YES;
				CLANG_WARN_BLOCK_CAPTURE_AUTORELEASING = YES;
				CLANG_WARN_BOOL_CONVERSION = YES;
				CLANG_WARN_COMMA = YES;
				CLANG_WARN_CONSTANT_CONVERSION = YES;
				CLANG_WARN_DEPRECATED_OBJC_IMPLEMENTATIONS = YES;
				CLANG_WARN_DIRECT_OBJC_ISA_USAGE = YES_ERROR;
				CLANG_WARN_DOCUMENTATION_COMMENTS = YES;
				CLANG_WARN_EMPTY_BODY = YES;
				CLANG_WARN_ENUM_CONVERSION = YES;
				CLANG_WARN_INFINITE_RECURSION = YES;
				CLANG_WARN_INT_CONVERSION = YES;
				CLANG_WARN_NON_LITERAL_NULL_CONVERSION = YES;
				CLANG_WARN_OBJC_IMPLICIT_RETAIN_SELF = YES;
				CLANG_WARN_OBJC_LITERAL_CONVERSION = YES;
				CLANG_WARN_OBJC_ROOT_CLASS = YES_ERROR;
				CLANG_WARN_RANGE_LOOP_ANALYSIS = YES;
				CLANG_WARN_STRICT_PROTOTYPES = YES;
				CLANG_WARN_SUSPICIOUS_MOVE = YES;
				CLANG_WARN_UNGUARDED_AVAILABILITY = YES_AGGRESSIVE;
				CLANG_WARN_UNREACHABLE_CODE = YES;
				CLANG_WARN__DUPLICATE_METHOD_MATCH = YES;
				COPY_PHASE_STRIP = NO;
				DEBUG_INFORMATION_FORMAT = "dwarf-with-dsym";
				ENABLE_NS_ASSERTIONS = NO;
				ENABLE_STRICT_OBJC_MSGSEND = YES;
				GCC_C_LANGUAGE_STANDARD = gnu11;
				GCC_NO_COMMON_BLOCKS = YES;
				GCC_WARN_64_TO_32_BIT_CONVERSION = YES;
				GCC_WARN_ABOUT_RETURN_TYPE = YES_ERROR;
				GCC_WARN_UNDECLARED_SELECTOR = YES;
				GCC_WARN_UNINITIALIZED_AUTOS = YES_AGGRESSIVE;
				GCC_WARN_UNUSED_FUNCTION = YES;
				GCC_WARN_UNUSED_VARIABLE = YES;
				IPHONEOS_DEPLOYMENT_TARGET = 13.5;
				MTL_ENABLE_DEBUG_INFO = NO;
				MTL_FAST_MATH = YES;
				SDKROOT = iphoneos;
				VALIDATE_PRODUCT = YES;
			};
			name = Release;
		};
		3175DF0224C0828400BA371B /* Debug */ = {
			isa = XCBuildConfiguration;
			buildSettings = {
				ASSETCATALOG_COMPILER_APPICON_NAME = AppIcon;
				CODE_SIGN_STYLE = Automatic;
				DEVELOPMENT_TEAM = 7HLAS7R6T3;
				INFOPLIST_FILE = iOS_Tips_3/Info.plist;
				LD_RUNPATH_SEARCH_PATHS = (
					"$(inherited)",
					"@executable_path/Frameworks",
				);
				PRODUCT_BUNDLE_IDENTIFIER = "yuanshi.iOS-Tips-3";
				PRODUCT_NAME = "$(TARGET_NAME)";
				TARGETED_DEVICE_FAMILY = "1,2";
			};
			name = Debug;
		};
		3175DF0324C0828400BA371B /* Release */ = {
			isa = XCBuildConfiguration;
			buildSettings = {
				ASSETCATALOG_COMPILER_APPICON_NAME = AppIcon;
				CODE_SIGN_STYLE = Automatic;
				DEVELOPMENT_TEAM = 7HLAS7R6T3;
				INFOPLIST_FILE = iOS_Tips_3/Info.plist;
				LD_RUNPATH_SEARCH_PATHS = (
					"$(inherited)",
					"@executable_path/Frameworks",
				);
				PRODUCT_BUNDLE_IDENTIFIER = "yuanshi.iOS-Tips-3";
				PRODUCT_NAME = "$(TARGET_NAME)";
				TARGETED_DEVICE_FAMILY = "1,2";
			};
			name = Release;
		};
/* End XCBuildConfiguration section */

/* Begin XCConfigurationList section */
		3175DEE324C0827F00BA371B /* Build configuration list for PBXProject "iOS_Tips_3" */ = {
			isa = XCConfigurationList;
			buildConfigurations = (
				3175DEFF24C0828400BA371B /* Debug */,
				3175DF0024C0828400BA371B /* Release */,
			);
			defaultConfigurationIsVisible = 0;
			defaultConfigurationName = Release;
		};
		3175DF0124C0828400BA371B /* Build configuration list for PBXNativeTarget "iOS_Tips_3" */ = {
			isa = XCConfigurationList;
			buildConfigurations = (
				3175DF0224C0828400BA371B /* Debug */,
				3175DF0324C0828400BA371B /* Release */,
			);
			defaultConfigurationIsVisible = 0;
			defaultConfigurationName = Release;
		};
/* End XCConfigurationList section */
	};
	rootObject = 3175DEE024C0827F00BA371B /* Project object */;
}
